// !$*UTF8*$!
{
	archiveVersion = 1;
	classes = {
	};
	objectVersion = 50;
	objects = {

/* Begin PBXBuildFile section */
		0BFF4FF3E6A289054BC9C5ED /* Pods_StarTrivia.framework in Frameworks */ = {isa = PBXBuildFile; fileRef = FE30109DE4DFB74A673C20EE /* Pods_StarTrivia.framework */; };
		4F157014228157E100ED7AD5 /* AppDelegate.swift in Sources */ = {isa = PBXBuildFile; fileRef = 4F157013228157E100ED7AD5 /* AppDelegate.swift */; };
		4F157016228157E100ED7AD5 /* SelectPersonVC.swift in Sources */ = {isa = PBXBuildFile; fileRef = 4F157015228157E100ED7AD5 /* SelectPersonVC.swift */; };
		4F157019228157E100ED7AD5 /* Main.storyboard in Resources */ = {isa = PBXBuildFile; fileRef = 4F157017228157E100ED7AD5 /* Main.storyboard */; };
		4F15701B228157E300ED7AD5 /* Assets.xcassets in Resources */ = {isa = PBXBuildFile; fileRef = 4F15701A228157E300ED7AD5 /* Assets.xcassets */; };
		4F15701E228157E300ED7AD5 /* LaunchScreen.storyboard in Resources */ = {isa = PBXBuildFile; fileRef = 4F15701C228157E300ED7AD5 /* LaunchScreen.storyboard */; };
		4F15702B22815C7200ED7AD5 /* Starjedi.ttf in Resources */ = {isa = PBXBuildFile; fileRef = 4F15702822815C7200ED7AD5 /* Starjedi.ttf */; };
		4F15702C22815C7200ED7AD5 /* Starjout.ttf in Resources */ = {isa = PBXBuildFile; fileRef = 4F15702922815C7200ED7AD5 /* Starjout.ttf */; };
		4F15702D22815C7200ED7AD5 /* Starjhol.ttf in Resources */ = {isa = PBXBuildFile; fileRef = 4F15702A22815C7200ED7AD5 /* Starjhol.ttf */; };
		4F157031228165EF00ED7AD5 /* BlackBackgroundView.swift in Sources */ = {isa = PBXBuildFile; fileRef = 4F157030228165EF00ED7AD5 /* BlackBackgroundView.swift */; };
		4F157034228166B600ED7AD5 /* Constants.swift in Sources */ = {isa = PBXBuildFile; fileRef = 4F157033228166B600ED7AD5 /* Constants.swift */; };
		4F9E22442281B710002DE0AA /* PersonApi.swift in Sources */ = {isa = PBXBuildFile; fileRef = 4F9E22432281B710002DE0AA /* PersonApi.swift */; };
		4F9E224622829A74002DE0AA /* Person.swift in Sources */ = {isa = PBXBuildFile; fileRef = 4F9E224522829A74002DE0AA /* Person.swift */; };
		4FB9211E2284644E002A6167 /* FadeEnabeledButton.swift in Sources */ = {isa = PBXBuildFile; fileRef = 4FB9211D2284644E002A6167 /* FadeEnabeledButton.swift */; };
/* End PBXBuildFile section */

/* Begin PBXFileReference section */
		3BBE152C7EBFA8729DEF2C40 /* Pods-StarTrivia.release.xcconfig */ = {isa = PBXFileReference; includeInIndex = 1; lastKnownFileType = text.xcconfig; name = "Pods-StarTrivia.release.xcconfig"; path = "Target Support Files/Pods-StarTrivia/Pods-StarTrivia.release.xcconfig"; sourceTree = "<group>"; };
		4F157010228157E100ED7AD5 /* StarTrivia.app */ = {isa = PBXFileReference; explicitFileType = wrapper.application; includeInIndex = 0; path = StarTrivia.app; sourceTree = BUILT_PRODUCTS_DIR; };
		4F157013228157E100ED7AD5 /* AppDelegate.swift */ = {isa = PBXFileReference; lastKnownFileType = sourcecode.swift; path = AppDelegate.swift; sourceTree = "<group>"; };
		4F157015228157E100ED7AD5 /* SelectPersonVC.swift */ = {isa = PBXFileReference; lastKnownFileType = sourcecode.swift; path = SelectPersonVC.swift; sourceTree = "<group>"; };
		4F157018228157E100ED7AD5 /* Base */ = {isa = PBXFileReference; lastKnownFileType = file.storyboard; name = Base; path = Base.lproj/Main.storyboard; sourceTree = "<group>"; };
		4F15701A228157E300ED7AD5 /* Assets.xcassets */ = {isa = PBXFileReference; lastKnownFileType = folder.assetcatalog; path = Assets.xcassets; sourceTree = "<group>"; };
		4F15701D228157E300ED7AD5 /* Base */ = {isa = PBXFileReference; lastKnownFileType = file.storyboard; name = Base; path = Base.lproj/LaunchScreen.storyboard; sourceTree = "<group>"; };
		4F15701F228157E300ED7AD5 /* Info.plist */ = {isa = PBXFileReference; lastKnownFileType = text.plist.xml; path = Info.plist; sourceTree = "<group>"; };
		4F15702822815C7200ED7AD5 /* Starjedi.ttf */ = {isa = PBXFileReference; lastKnownFileType = file; path = Starjedi.ttf; sourceTree = "<group>"; };
		4F15702922815C7200ED7AD5 /* Starjout.ttf */ = {isa = PBXFileReference; lastKnownFileType = file; path = Starjout.ttf; sourceTree = "<group>"; };
		4F15702A22815C7200ED7AD5 /* Starjhol.ttf */ = {isa = PBXFileReference; lastKnownFileType = file; path = Starjhol.ttf; sourceTree = "<group>"; };
		4F157030228165EF00ED7AD5 /* BlackBackgroundView.swift */ = {isa = PBXFileReference; lastKnownFileType = sourcecode.swift; path = BlackBackgroundView.swift; sourceTree = "<group>"; };
		4F157033228166B600ED7AD5 /* Constants.swift */ = {isa = PBXFileReference; lastKnownFileType = sourcecode.swift; path = Constants.swift; sourceTree = "<group>"; };
		4F9E22432281B710002DE0AA /* PersonApi.swift */ = {isa = PBXFileReference; lastKnownFileType = sourcecode.swift; path = PersonApi.swift; sourceTree = "<group>"; };
		4F9E224522829A74002DE0AA /* Person.swift */ = {isa = PBXFileReference; lastKnownFileType = sourcecode.swift; path = Person.swift; sourceTree = "<group>"; };
		4FB9211D2284644E002A6167 /* FadeEnabeledButton.swift */ = {isa = PBXFileReference; lastKnownFileType = sourcecode.swift; path = FadeEnabeledButton.swift; sourceTree = "<group>"; };
		DBE5902F55240BEC8174D101 /* Pods-StarTrivia.debug.xcconfig */ = {isa = PBXFileReference; includeInIndex = 1; lastKnownFileType = text.xcconfig; name = "Pods-StarTrivia.debug.xcconfig"; path = "Target Support Files/Pods-StarTrivia/Pods-StarTrivia.debug.xcconfig"; sourceTree = "<group>"; };
		FE30109DE4DFB74A673C20EE /* Pods_StarTrivia.framework */ = {isa = PBXFileReference; explicitFileType = wrapper.framework; includeInIndex = 0; path = Pods_StarTrivia.framework; sourceTree = BUILT_PRODUCTS_DIR; };
/* End PBXFileReference section */

/* Begin PBXFrameworksBuildPhase section */
		4F15700D228157E100ED7AD5 /* Frameworks */ = {
			isa = PBXFrameworksBuildPhase;
			buildActionMask = 2147483647;
			files = (
				0BFF4FF3E6A289054BC9C5ED /* Pods_StarTrivia.framework in Frameworks */,
			);
			runOnlyForDeploymentPostprocessing = 0;
		};
/* End PBXFrameworksBuildPhase section */

/* Begin PBXGroup section */
		4F157007228157E100ED7AD5 = {
			isa = PBXGroup;
			children = (
				4F157012228157E100ED7AD5 /* StarTrivia */,
				4F157011228157E100ED7AD5 /* Products */,
				FE0F1A311F7FB72DF4C96E97 /* Pods */,
				FFB65E202FDD2ABDBBE9F9DD /* Frameworks */,
			);
			sourceTree = "<group>";
		};
		4F157011228157E100ED7AD5 /* Products */ = {
			isa = PBXGroup;
			children = (
				4F157010228157E100ED7AD5 /* StarTrivia.app */,
			);
			name = Products;
			sourceTree = "<group>";
		};
		4F157012228157E100ED7AD5 /* StarTrivia */ = {
			isa = PBXGroup;
			children = (
				4F1570262281593E00ED7AD5 /* Model */,
				4F1570252281593300ED7AD5 /* View */,
				4F1570272281594400ED7AD5 /* Controller */,
				4F9E22422281B6F1002DE0AA /* Services */,
				4F157032228166A200ED7AD5 /* Utilities */,
				4F15702F22815C9000ED7AD5 /* Resources */,
				4F157013228157E100ED7AD5 /* AppDelegate.swift */,
				4F157017228157E100ED7AD5 /* Main.storyboard */,
				4F15701A228157E300ED7AD5 /* Assets.xcassets */,
				4F15701C228157E300ED7AD5 /* LaunchScreen.storyboard */,
				4F15701F228157E300ED7AD5 /* Info.plist */,
			);
			path = StarTrivia;
			sourceTree = "<group>";
		};
		4F1570252281593300ED7AD5 /* View */ = {
			isa = PBXGroup;
			children = (
				4F157030228165EF00ED7AD5 /* BlackBackgroundView.swift */,
				4FB9211D2284644E002A6167 /* FadeEnabeledButton.swift */,
			);
			path = View;
			sourceTree = "<group>";
		};
		4F1570262281593E00ED7AD5 /* Model */ = {
			isa = PBXGroup;
			children = (
				4F9E224522829A74002DE0AA /* Person.swift */,
			);
			path = Model;
			sourceTree = "<group>";
		};
		4F1570272281594400ED7AD5 /* Controller */ = {
			isa = PBXGroup;
			children = (
				4F157015228157E100ED7AD5 /* SelectPersonVC.swift */,
			);
			path = Controller;
			sourceTree = "<group>";
		};
		4F15702E22815C7700ED7AD5 /* Fonts */ = {
			isa = PBXGroup;
			children = (
				4F15702822815C7200ED7AD5 /* Starjedi.ttf */,
				4F15702A22815C7200ED7AD5 /* Starjhol.ttf */,
				4F15702922815C7200ED7AD5 /* Starjout.ttf */,
			);
			path = Fonts;
			sourceTree = "<group>";
		};
		4F15702F22815C9000ED7AD5 /* Resources */ = {
			isa = PBXGroup;
			children = (
				4F15702E22815C7700ED7AD5 /* Fonts */,
			);
			path = Resources;
			sourceTree = "<group>";
		};
		4F157032228166A200ED7AD5 /* Utilities */ = {
			isa = PBXGroup;
			children = (
				4F157033228166B600ED7AD5 /* Constants.swift */,
			);
			path = Utilities;
			sourceTree = "<group>";
		};
		4F9E22422281B6F1002DE0AA /* Services */ = {
			isa = PBXGroup;
			children = (
				4F9E22432281B710002DE0AA /* PersonApi.swift */,
			);
			path = Services;
			sourceTree = "<group>";
		};
		FE0F1A311F7FB72DF4C96E97 /* Pods */ = {
			isa = PBXGroup;
			children = (
				DBE5902F55240BEC8174D101 /* Pods-StarTrivia.debug.xcconfig */,
				3BBE152C7EBFA8729DEF2C40 /* Pods-StarTrivia.release.xcconfig */,
			);
			path = Pods;
			sourceTree = "<group>";
		};
		FFB65E202FDD2ABDBBE9F9DD /* Frameworks */ = {
			isa = PBXGroup;
			children = (
				FE30109DE4DFB74A673C20EE /* Pods_StarTrivia.framework */,
			);
			name = Frameworks;
			sourceTree = "<group>";
		};
/* End PBXGroup section */

/* Begin PBXNativeTarget section */
		4F15700F228157E100ED7AD5 /* StarTrivia */ = {
			isa = PBXNativeTarget;
			buildConfigurationList = 4F157022228157E300ED7AD5 /* Build configuration list for PBXNativeTarget "StarTrivia" */;
			buildPhases = (
				A58C664B77A2B97E3A831F3B /* [CP] Check Pods Manifest.lock */,
				4F15700C228157E100ED7AD5 /* Sources */,
				4F15700D228157E100ED7AD5 /* Frameworks */,
				4F15700E228157E100ED7AD5 /* Resources */,
				439A0566DE00B130CF21CA34 /* [CP] Embed Pods Frameworks */,
			);
			buildRules = (
			);
			dependencies = (
			);
			name = StarTrivia;
			productName = StarTrivia;
			productReference = 4F157010228157E100ED7AD5 /* StarTrivia.app */;
			productType = "com.apple.product-type.application";
		};
/* End PBXNativeTarget section */

/* Begin PBXProject section */
		4F157008228157E100ED7AD5 /* Project object */ = {
			isa = PBXProject;
			attributes = {
				LastSwiftUpdateCheck = 1020;
				LastUpgradeCheck = 1020;
				ORGANIZATIONNAME = anna.sibirtseva;
				TargetAttributes = {
					4F15700F228157E100ED7AD5 = {
						CreatedOnToolsVersion = 10.2;
					};
				};
			};
			buildConfigurationList = 4F15700B228157E100ED7AD5 /* Build configuration list for PBXProject "StarTrivia" */;
			compatibilityVersion = "Xcode 9.3";
			developmentRegion = en;
			hasScannedForEncodings = 0;
			knownRegions = (
				en,
				Base,
			);
			mainGroup = 4F157007228157E100ED7AD5;
			productRefGroup = 4F157011228157E100ED7AD5 /* Products */;
			projectDirPath = "";
			projectRoot = "";
			targets = (
				4F15700F228157E100ED7AD5 /* StarTrivia */,
			);
		};
/* End PBXProject section */

/* Begin PBXResourcesBuildPhase section */
		4F15700E228157E100ED7AD5 /* Resources */ = {
			isa = PBXResourcesBuildPhase;
			buildActionMask = 2147483647;
			files = (
				4F15701E228157E300ED7AD5 /* LaunchScreen.storyboard in Resources */,
				4F15702D22815C7200ED7AD5 /* Starjhol.ttf in Resources */,
				4F15701B228157E300ED7AD5 /* Assets.xcassets in Resources */,
				4F15702B22815C7200ED7AD5 /* Starjedi.ttf in Resources */,
				4F15702C22815C7200ED7AD5 /* Starjout.ttf in Resources */,
				4F157019228157E100ED7AD5 /* Main.storyboard in Resources */,
			);
			runOnlyForDeploymentPostprocessing = 0;
		};
/* End PBXResourcesBuildPhase section */

/* Begin PBXShellScriptBuildPhase section */
		439A0566DE00B130CF21CA34 /* [CP] Embed Pods Frameworks */ = {
			isa = PBXShellScriptBuildPhase;
			buildActionMask = 2147483647;
			files = (
			);
			inputFileListPaths = (
			);
			inputPaths = (
				"${PODS_ROOT}/Target Support Files/Pods-StarTrivia/Pods-StarTrivia-frameworks.sh",
				"${BUILT_PRODUCTS_DIR}/Alamofire/Alamofire.framework",
				"${BUILT_PRODUCTS_DIR}/SwiftyJSON/SwiftyJSON.framework",
			);
			name = "[CP] Embed Pods Frameworks";
			outputFileListPaths = (
			);
			outputPaths = (
				"${TARGET_BUILD_DIR}/${FRAMEWORKS_FOLDER_PATH}/Alamofire.framework",
				"${TARGET_BUILD_DIR}/${FRAMEWORKS_FOLDER_PATH}/SwiftyJSON.framework",
			);
			runOnlyForDeploymentPostprocessing = 0;
			shellPath = /bin/sh;
			shellScript = "\"${PODS_ROOT}/Target Support Files/Pods-StarTrivia/Pods-StarTrivia-frameworks.sh\"\n";
			showEnvVarsInLog = 0;
		};
		A58C664B77A2B97E3A831F3B /* [CP] Check Pods Manifest.lock */ = {
			isa = PBXShellScriptBuildPhase;
			buildActionMask = 2147483647;
			files = (
			);
			inputFileListPaths = (
			);
			inputPaths = (
				"${PODS_PODFILE_DIR_PATH}/Podfile.lock",
				"${PODS_ROOT}/Manifest.lock",
			);
			name = "[CP] Check Pods Manifest.lock";
			outputFileListPaths = (
			);
			outputPaths = (
				"$(DERIVED_FILE_DIR)/Pods-StarTrivia-checkManifestLockResult.txt",
			);
			runOnlyForDeploymentPostprocessing = 0;
			shellPath = /bin/sh;
			shellScript = "diff \"${PODS_PODFILE_DIR_PATH}/Podfile.lock\" \"${PODS_ROOT}/Manifest.lock\" > /dev/null\nif [ $? != 0 ] ; then\n    # print error to STDERR\n    echo \"error: The sandbox is not in sync with the Podfile.lock. Run 'pod install' or update your CocoaPods installation.\" >&2\n    exit 1\nfi\n# This output is used by Xcode 'outputs' to avoid re-running this script phase.\necho \"SUCCESS\" > \"${SCRIPT_OUTPUT_FILE_0}\"\n";
			showEnvVarsInLog = 0;
		};
/* End PBXShellScriptBuildPhase section */

/* Begin PBXSourcesBuildPhase section */
		4F15700C228157E100ED7AD5 /* Sources */ = {
			isa = PBXSourcesBuildPhase;
			buildActionMask = 2147483647;
			files = (
				4FB9211E2284644E002A6167 /* FadeEnabeledButton.swift in Sources */,
				4F9E224622829A74002DE0AA /* Person.swift in Sources */,
				4F157016228157E100ED7AD5 /* SelectPersonVC.swift in Sources */,
				4F157031228165EF00ED7AD5 /* BlackBackgroundView.swift in Sources */,
				4F157014228157E100ED7AD5 /* AppDelegate.swift in Sources */,
				4F9E22442281B710002DE0AA /* PersonApi.swift in Sources */,
				4F157034228166B600ED7AD5 /* Constants.swift in Sources */,
			);
			runOnlyForDeploymentPostprocessing = 0;
		};
/* End PBXSourcesBuildPhase section */

/* Begin PBXVariantGroup section */
		4F157017228157E100ED7AD5 /* Main.storyboard */ = {
			isa = PBXVariantGroup;
			children = (
				4F157018228157E100ED7AD5 /* Base */,
			);
			name = Main.storyboard;
			sourceTree = "<group>";
		};
		4F15701C228157E300ED7AD5 /* LaunchScreen.storyboard */ = {
			isa = PBXVariantGroup;
			children = (
				4F15701D228157E300ED7AD5 /* Base */,
			);
			name = LaunchScreen.storyboard;
			sourceTree = "<group>";
		};
/* End PBXVariantGroup section */

/* Begin XCBuildConfiguration section */
		4F157020228157E300ED7AD5 /* Debug */ = {
			isa = XCBuildConfiguration;
			buildSettings = {
				ALWAYS_SEARCH_USER_PATHS = NO;
				CLANG_ANALYZER_NONNULL = YES;
				CLANG_ANALYZER_NUMBER_OBJECT_CONVERSION = YES_AGGRESSIVE;
				CLANG_CXX_LANGUAGE_STANDARD = "gnu++14";
				CLANG_CXX_LIBRARY = "libc++";
				CLANG_ENABLE_MODULES = YES;
				CLANG_ENABLE_OBJC_ARC = YES;
				CLANG_ENABLE_OBJC_WEAK = YES;
				CLANG_WARN_BLOCK_CAPTURE_AUTORELEASING = YES;
				CLANG_WARN_BOOL_CONVERSION = YES;
				CLANG_WARN_COMMA = YES;
				CLANG_WARN_CONSTANT_CONVERSION = YES;
				CLANG_WARN_DEPRECATED_OBJC_IMPLEMENTATIONS = YES;
				CLANG_WARN_DIRECT_OBJC_ISA_USAGE = YES_ERROR;
				CLANG_WARN_DOCUMENTATION_COMMENTS = YES;
				CLANG_WARN_EMPTY_BODY = YES;
				CLANG_WARN_ENUM_CONVERSION = YES;
				CLANG_WARN_INFINITE_RECURSION = YES;
				CLANG_WARN_INT_CONVERSION = YES;
				CLANG_WARN_NON_LITERAL_NULL_CONVERSION = YES;
				CLANG_WARN_OBJC_IMPLICIT_RETAIN_SELF = YES;
				CLANG_WARN_OBJC_LITERAL_CONVERSION = YES;
				CLANG_WARN_OBJC_ROOT_CLASS = YES_ERROR;
				CLANG_WARN_RANGE_LOOP_ANALYSIS = YES;
				CLANG_WARN_STRICT_PROTOTYPES = YES;
				CLANG_WARN_SUSPICIOUS_MOVE = YES;
				CLANG_WARN_UNGUARDED_AVAILABILITY = YES_AGGRESSIVE;
				CLANG_WARN_UNREACHABLE_CODE = YES;
				CLANG_WARN__DUPLICATE_METHOD_MATCH = YES;
				CODE_SIGN_IDENTITY = "iPhone Developer";
				COPY_PHASE_STRIP = NO;
				DEBUG_INFORMATION_FORMAT = dwarf;
				ENABLE_STRICT_OBJC_MSGSEND = YES;
				ENABLE_TESTABILITY = YES;
				GCC_C_LANGUAGE_STANDARD = gnu11;
				GCC_DYNAMIC_NO_PIC = NO;
				GCC_NO_COMMON_BLOCKS = YES;
				GCC_OPTIMIZATION_LEVEL = 0;
				GCC_PREPROCESSOR_DEFINITIONS = (
					"DEBUG=1",
					"$(inherited)",
				);
				GCC_WARN_64_TO_32_BIT_CONVERSION = YES;
				GCC_WARN_ABOUT_RETURN_TYPE = YES_ERROR;
				GCC_WARN_UNDECLARED_SELECTOR = YES;
				GCC_WARN_UNINITIALIZED_AUTOS = YES_AGGRESSIVE;
				GCC_WARN_UNUSED_FUNCTION = YES;
				GCC_WARN_UNUSED_VARIABLE = YES;
				IPHONEOS_DEPLOYMENT_TARGET = 12.2;
				MTL_ENABLE_DEBUG_INFO = INCLUDE_SOURCE;
				MTL_FAST_MATH = YES;
				ONLY_ACTIVE_ARCH = YES;
				SDKROOT = iphoneos;
				SWIFT_ACTIVE_COMPILATION_CONDITIONS = DEBUG;
				SWIFT_OPTIMIZATION_LEVEL = "-Onone";
			};
			name = Debug;
		};
		4F157021228157E300ED7AD5 /* Release */ = {
			isa = XCBuildConfiguration;
			buildSettings = {
				ALWAYS_SEARCH_USER_PATHS = NO;
				CLANG_ANALYZER_NONNULL = YES;
				CLANG_ANALYZER_NUMBER_OBJECT_CONVERSION = YES_AGGRESSIVE;
				CLANG_CXX_LANGUAGE_STANDARD = "gnu++14";
				CLANG_CXX_LIBRARY = "libc++";
				CLANG_ENABLE_MODULES = YES;
				CLANG_ENABLE_OBJC_ARC = YES;
				CLANG_ENABLE_OBJC_WEAK = YES;
				CLANG_WARN_BLOCK_CAPTURE_AUTORELEASING = YES;
				CLANG_WARN_BOOL_CONVERSION = YES;
				CLANG_WARN_COMMA = YES;
				CLANG_WARN_CONSTANT_CONVERSION = YES;
				CLANG_WARN_DEPRECATED_OBJC_IMPLEMENTATIONS = YES;
				CLANG_WARN_DIRECT_OBJC_ISA_USAGE = YES_ERROR;
				CLANG_WARN_DOCUMENTATION_COMMENTS = YES;
				CLANG_WARN_EMPTY_BODY = YES;
				CLANG_WARN_ENUM_CONVERSION = YES;
				CLANG_WARN_INFINITE_RECURSION = YES;
				CLANG_WARN_INT_CONVERSION = YES;
				CLANG_WARN_NON_LITERAL_NULL_CONVERSION = YES;
				CLANG_WARN_OBJC_IMPLICIT_RETAIN_SELF = YES;
				CLANG_WARN_OBJC_LITERAL_CONVERSION = YES;
				CLANG_WARN_OBJC_ROOT_CLASS = YES_ERROR;
				CLANG_WARN_RANGE_LOOP_ANALYSIS = YES;
				CLANG_WARN_STRICT_PROTOTYPES = YES;
				CLANG_WARN_SUSPICIOUS_MOVE = YES;
				CLANG_WARN_UNGUARDED_AVAILABILITY = YES_AGGRESSIVE;
				CLANG_WARN_UNREACHABLE_CODE = YES;
				CLANG_WARN__DUPLICATE_METHOD_MATCH = YES;
				CODE_SIGN_IDENTITY = "iPhone Developer";
				COPY_PHASE_STRIP = NO;
				DEBUG_INFORMATION_FORMAT = "dwarf-with-dsym";
				ENABLE_NS_ASSERTIONS = NO;
				ENABLE_STRICT_OBJC_MSGSEND = YES;
				GCC_C_LANGUAGE_STANDARD = gnu11;
				GCC_NO_COMMON_BLOCKS = YES;
				GCC_WARN_64_TO_32_BIT_CONVERSION = YES;
				GCC_WARN_ABOUT_RETURN_TYPE = YES_ERROR;
				GCC_WARN_UNDECLARED_SELECTOR = YES;
				GCC_WARN_UNINITIALIZED_AUTOS = YES_AGGRESSIVE;
				GCC_WARN_UNUSED_FUNCTION = YES;
				GCC_WARN_UNUSED_VARIABLE = YES;
				IPHONEOS_DEPLOYMENT_TARGET = 12.2;
				MTL_ENABLE_DEBUG_INFO = NO;
				MTL_FAST_MATH = YES;
				SDKROOT = iphoneos;
				SWIFT_COMPILATION_MODE = wholemodule;
				SWIFT_OPTIMIZATION_LEVEL = "-O";
				VALIDATE_PRODUCT = YES;
			};
			name = Release;
		};
		4F157023228157E300ED7AD5 /* Debug */ = {
			isa = XCBuildConfiguration;
			baseConfigurationReference = DBE5902F55240BEC8174D101 /* Pods-StarTrivia.debug.xcconfig */;
			buildSettings = {
				ASSETCATALOG_COMPILER_APPICON_NAME = AppIcon;
				CODE_SIGN_STYLE = Automatic;
				INFOPLIST_FILE = StarTrivia/Info.plist;
				LD_RUNPATH_SEARCH_PATHS = (
					"$(inherited)",
					"@executable_path/Frameworks",
				);
				PRODUCT_BUNDLE_IDENTIFIER = accenture.StarTrivia;
				PRODUCT_NAME = "$(TARGET_NAME)";
				SWIFT_VERSION = 5.0;
				TARGETED_DEVICE_FAMILY = "1,2";
			};
			name = Debug;
		};
		4F157024228157E300ED7AD5 /* Release */ = {
			isa = XCBuildConfiguration;
			baseConfigurationReference = 3BBE152C7EBFA8729DEF2C40 /* Pods-StarTrivia.release.xcconfig */;
			buildSettings = {
				ASSETCATALOG_COMPILER_APPICON_NAME = AppIcon;
				CODE_SIGN_STYLE = Automatic;
				INFOPLIST_FILE = StarTrivia/Info.plist;
				LD_RUNPATH_SEARCH_PATHS = (
					"$(inherited)",
					"@executable_path/Frameworks",
				);
				PRODUCT_BUNDLE_IDENTIFIER = accenture.StarTrivia;
				PRODUCT_NAME = "$(TARGET_NAME)";
				SWIFT_VERSION = 5.0;
				TARGETED_DEVICE_FAMILY = "1,2";
			};
			name = Release;
		};
/* End XCBuildConfiguration section */

/* Begin XCConfigurationList section */
		4F15700B228157E100ED7AD5 /* Build configuration list for PBXProject "StarTrivia" */ = {
			isa = XCConfigurationList;
			buildConfigurations = (
				4F157020228157E300ED7AD5 /* Debug */,
				4F157021228157E300ED7AD5 /* Release */,
			);
			defaultConfigurationIsVisible = 0;
			defaultConfigurationName = Release;
		};
		4F157022228157E300ED7AD5 /* Build configuration list for PBXNativeTarget "StarTrivia" */ = {
			isa = XCConfigurationList;
			buildConfigurations = (
				4F157023228157E300ED7AD5 /* Debug */,
				4F157024228157E300ED7AD5 /* Release */,
			);
			defaultConfigurationIsVisible = 0;
			defaultConfigurationName = Release;
		};
/* End XCConfigurationList section */
	};
	rootObject = 4F157008228157E100ED7AD5 /* Project object */;
}
